
Microsoft Visual Studio Solution File, Format Version 12.00
# Visual Studio Version 17
VisualStudioVersion = 17.8.34330.188
MinimumVisualStudioVersion = 10.0.40219.1
Project("{FAE04EC0-301F-11D3-BF4B-00C04F79EFBC}") = "Flow.Launcher.Plugin.TerrariaWiki", "TerrariaWiki\Flow.Launcher.Plugin.TerrariaWiki\Flow.Launcher.Plugin.TerrariaWiki.csproj", "{46E8EA9B-D5C1-4664-8DF0-EB54A474D25D}"
EndProject
Global
	GlobalSection(SolutionConfigurationPlatforms) = preSolution
		Debug|Any CPU = Debug|Any CPU
		Release|Any CPU = Release|Any CPU
	EndGlobalSection
	GlobalSection(ProjectConfigurationPlatforms) = postSolution
		{46E8EA9B-D5C1-4664-8DF0-EB54A474D25D}.Debug|Any CPU.ActiveCfg = Debug|Any CPU
		{46E8EA9B-D5C1-4664-8DF0-EB54A474D25D}.Debug|Any CPU.Build.0 = Debug|Any CPU
		{46E8EA9B-D5C1-4664-8DF0-EB54A474D25D}.Release|Any CPU.ActiveCfg = Release|Any CPU
		{46E8EA9B-D5C1-4664-8DF0-EB54A474D25D}.Release|Any CPU.Build.0 = Release|Any CPU
	EndGlobalSection
	GlobalSection(SolutionProperties) = preSolution
		HideSolutionNode = FALSE
	EndGlobalSection
	GlobalSection(ExtensibilityGlobals) = postSolution
		SolutionGuid = {FAC205D4-7A64-427E-B875-FAB34C80C743}
	EndGlobalSection
EndGlobal
